
Microsoft Visual Studio Solution File, Format Version 12.00
# Visual Studio Version 17
VisualStudioVersion = 17.8.34511.84
MinimumVisualStudioVersion = 10.0.40219.1
Project("{FAE04EC0-301F-11D3-BF4B-00C04F79EFBC}") = "WorkingWithCollectionView", "WorkingWithCollectionView\WorkingWithCollectionView.csproj", "{3873B8CD-5F65-47BF-84FD-696A0E1493A3}"
EndProject
Global
	GlobalSection(SolutionConfigurationPlatforms) = preSolution
		Debug|Any CPU = Debug|Any CPU
		Release|Any CPU = Release|Any CPU
	EndGlobalSection
	GlobalSection(ProjectConfigurationPlatforms) = postSolution
		{3873B8CD-5F65-47BF-84FD-696A0E1493A3}.Debug|Any CPU.ActiveCfg = Debug|Any CPU
		{3873B8CD-5F65-47BF-84FD-696A0E1493A3}.Debug|Any CPU.Build.0 = Debug|Any CPU
		{3873B8CD-5F65-47BF-84FD-696A0E1493A3}.Debug|Any CPU.Deploy.0 = Debug|Any CPU
		{3873B8CD-5F65-47BF-84FD-696A0E1493A3}.Release|Any CPU.ActiveCfg = Release|Any CPU
		{3873B8CD-5F65-47BF-84FD-696A0E1493A3}.Release|Any CPU.Build.0 = Release|Any CPU
		{3873B8CD-5F65-47BF-84FD-696A0E1493A3}.Release|Any CPU.Deploy.0 = Release|Any CPU
	EndGlobalSection
	GlobalSection(SolutionProperties) = preSolution
		HideSolutionNode = FALSE
	EndGlobalSection
	GlobalSection(ExtensibilityGlobals) = postSolution
		SolutionGuid = {0091EFCE-0ED3-495F-A7E3-6167C45973EC}
	EndGlobalSection
EndGlobal
